
Microsoft Visual Studio Solution File, Format Version 11.00
# Visual Studio 2010
Project("{FAE04EC0-301F-11D3-BF4B-00C04F79EFBC}") = "SimpleFramework.Web", "Web\SimpleFramework.Web.csproj", "{25F1E0FA-67FD-4117-B38C-556AA0ABD6EB}"
EndProject
Project("{FAE04EC0-301F-11D3-BF4B-00C04F79EFBC}") = "SimpleFramework.Core", "Core\SimpleFramework.Core.csproj", "{823F43D3-3326-4255-B9BF-32D24B7DF38B}"
EndProject
Global
	GlobalSection(SolutionConfigurationPlatforms) = preSolution
		Debug|Any CPU = Debug|Any CPU
		Release|Any CPU = Release|Any CPU
	EndGlobalSection
	GlobalSection(ProjectConfigurationPlatforms) = postSolution
		{25F1E0FA-67FD-4117-B38C-556AA0ABD6EB}.Debug|Any CPU.ActiveCfg = Debug|Any CPU
		{25F1E0FA-67FD-4117-B38C-556AA0ABD6EB}.Debug|Any CPU.Build.0 = Debug|Any CPU
		{25F1E0FA-67FD-4117-B38C-556AA0ABD6EB}.Release|Any CPU.ActiveCfg = Release|Any CPU
		{25F1E0FA-67FD-4117-B38C-556AA0ABD6EB}.Release|Any CPU.Build.0 = Release|Any CPU
		{823F43D3-3326-4255-B9BF-32D24B7DF38B}.Debug|Any CPU.ActiveCfg = Debug|Any CPU
		{823F43D3-3326-4255-B9BF-32D24B7DF38B}.Debug|Any CPU.Build.0 = Debug|Any CPU
		{823F43D3-3326-4255-B9BF-32D24B7DF38B}.Release|Any CPU.ActiveCfg = Release|Any CPU
		{823F43D3-3326-4255-B9BF-32D24B7DF38B}.Release|Any CPU.Build.0 = Release|Any CPU
	EndGlobalSection
	GlobalSection(SolutionProperties) = preSolution
		HideSolutionNode = FALSE
	EndGlobalSection
EndGlobal
